
Microsoft Visual Studio Solution File, Format Version 12.00
# Visual Studio 15
VisualStudioVersion = 15.0.28307.168
MinimumVisualStudioVersion = 10.0.40219.1
Project("{FAE04EC0-301F-11D3-BF4B-00C04F79EFBC}") = "Lib", "Lib\Lib.csproj", "{20FA7B4D-0C91-421F-9675-5A43DE20BA5A}"
EndProject
Project("{FAE04EC0-301F-11D3-BF4B-00C04F79EFBC}") = "ListSearch", "ListSearch\ListSearch.csproj", "{D983A353-D791-4930-A125-0B1B3AA7D621}"
EndProject
Project("{2150E333-8FDC-42A3-9474-1A3956D46DE8}") = "Solution Items", "Solution Items", "{CB583603-0F59-4BCC-A70D-086E77563A65}"
	ProjectSection(SolutionItems) = preProject
		Resources.txt = Resources.txt
	EndProjectSection
EndProject
Project("{FAE04EC0-301F-11D3-BF4B-00C04F79EFBC}") = "ConfigApp", "ConfigApp\ConfigApp.csproj", "{8819B2A6-E4F7-4528-8AFD-5A878F73F7E6}"
EndProject
Global
	GlobalSection(SolutionConfigurationPlatforms) = preSolution
		Debug|Any CPU = Debug|Any CPU
		Release|Any CPU = Release|Any CPU
	EndGlobalSection
	GlobalSection(ProjectConfigurationPlatforms) = postSolution
		{20FA7B4D-0C91-421F-9675-5A43DE20BA5A}.Debug|Any CPU.ActiveCfg = Debug|Any CPU
		{20FA7B4D-0C91-421F-9675-5A43DE20BA5A}.Debug|Any CPU.Build.0 = Debug|Any CPU
		{20FA7B4D-0C91-421F-9675-5A43DE20BA5A}.Release|Any CPU.ActiveCfg = Release|Any CPU
		{20FA7B4D-0C91-421F-9675-5A43DE20BA5A}.Release|Any CPU.Build.0 = Release|Any CPU
		{D983A353-D791-4930-A125-0B1B3AA7D621}.Debug|Any CPU.ActiveCfg = Debug|Any CPU
		{D983A353-D791-4930-A125-0B1B3AA7D621}.Debug|Any CPU.Build.0 = Debug|Any CPU
		{D983A353-D791-4930-A125-0B1B3AA7D621}.Release|Any CPU.ActiveCfg = Release|Any CPU
		{D983A353-D791-4930-A125-0B1B3AA7D621}.Release|Any CPU.Build.0 = Release|Any CPU
		{8819B2A6-E4F7-4528-8AFD-5A878F73F7E6}.Debug|Any CPU.ActiveCfg = Debug|Any CPU
		{8819B2A6-E4F7-4528-8AFD-5A878F73F7E6}.Debug|Any CPU.Build.0 = Debug|Any CPU
		{8819B2A6-E4F7-4528-8AFD-5A878F73F7E6}.Release|Any CPU.ActiveCfg = Release|Any CPU
		{8819B2A6-E4F7-4528-8AFD-5A878F73F7E6}.Release|Any CPU.Build.0 = Release|Any CPU
	EndGlobalSection
	GlobalSection(SolutionProperties) = preSolution
		HideSolutionNode = FALSE
	EndGlobalSection
	GlobalSection(ExtensibilityGlobals) = postSolution
		SolutionGuid = {90876D38-407A-43EE-BBB8-A33A604B8CAD}
	EndGlobalSection
EndGlobal
